
Microsoft Visual Studio Solution File, Format Version 12.00
# Visual Studio Version 17
VisualStudioVersion = 17.5.002.0
MinimumVisualStudioVersion = 10.0.40219.1
Project("{9A19103F-16F7-4668-BE54-9A1E7A4F7556}") = "Ansys.Api.Additive", "csharp\Ansys.Api.Additive.csproj", "{1BF4EC56-07DD-46EE-BAAF-31499F9FA853}"
EndProject
Global
	GlobalSection(SolutionConfigurationPlatforms) = preSolution
		Debug|Any CPU = Debug|Any CPU
		Release|Any CPU = Release|Any CPU
	EndGlobalSection
	GlobalSection(ProjectConfigurationPlatforms) = postSolution
		{1BF4EC56-07DD-46EE-BAAF-31499F9FA853}.Debug|Any CPU.ActiveCfg = Debug|Any CPU
		{1BF4EC56-07DD-46EE-BAAF-31499F9FA853}.Debug|Any CPU.Build.0 = Debug|Any CPU
		{1BF4EC56-07DD-46EE-BAAF-31499F9FA853}.Release|Any CPU.ActiveCfg = Release|Any CPU
		{1BF4EC56-07DD-46EE-BAAF-31499F9FA853}.Release|Any CPU.Build.0 = Release|Any CPU
	EndGlobalSection
	GlobalSection(SolutionProperties) = preSolution
		HideSolutionNode = FALSE
	EndGlobalSection
	GlobalSection(ExtensibilityGlobals) = postSolution
		SolutionGuid = {51FBBC38-2A1B-41E9-A1BB-5019EE7D26F6}
	EndGlobalSection
EndGlobal
